// !$*UTF8*$!
{
	archiveVersion = 1;
	classes = {
	};
	objectVersion = 50;
	objects = {

/* Begin PBXBuildFile section */
		8D93341824CAA5D700C11D75 /* AppDelegate.swift in Sources */ = {isa = PBXBuildFile; fileRef = 8D93341724CAA5D700C11D75 /* AppDelegate.swift */; };
		8D93341A24CAA5D700C11D75 /* SceneDelegate.swift in Sources */ = {isa = PBXBuildFile; fileRef = 8D93341924CAA5D700C11D75 /* SceneDelegate.swift */; };
		8D93341C24CAA5D700C11D75 /* ViewController.swift in Sources */ = {isa = PBXBuildFile; fileRef = 8D93341B24CAA5D700C11D75 /* ViewController.swift */; };
		8D93341F24CAA5D700C11D75 /* Main.storyboard in Resources */ = {isa = PBXBuildFile; fileRef = 8D93341D24CAA5D700C11D75 /* Main.storyboard */; };
		8D93342124CAA5D900C11D75 /* Assets.xcassets in Resources */ = {isa = PBXBuildFile; fileRef = 8D93342024CAA5D900C11D75 /* Assets.xcassets */; };
		8D93342424CAA5D900C11D75 /* LaunchScreen.storyboard in Resources */ = {isa = PBXBuildFile; fileRef = 8D93342224CAA5D900C11D75 /* LaunchScreen.storyboard */; };
		8D93342C24CAA69700C11D75 /* metalTest.metal in Sources */ = {isa = PBXBuildFile; fileRef = 8D93342B24CAA69700C11D75 /* metalTest.metal */; };
/* End PBXBuildFile section */

/* Begin PBXFileReference section */
		8D93341424CAA5D700C11D75 /* MetalTest4.app */ = {isa = PBXFileReference; explicitFileType = wrapper.application; includeInIndex = 0; path = MetalTest4.app; sourceTree = BUILT_PRODUCTS_DIR; };
		8D93341724CAA5D700C11D75 /* AppDelegate.swift */ = {isa = PBXFileReference; lastKnownFileType = sourcecode.swift; path = AppDelegate.swift; sourceTree = "<group>"; };
		8D93341924CAA5D700C11D75 /* SceneDelegate.swift */ = {isa = PBXFileReference; lastKnownFileType = sourcecode.swift; path = SceneDelegate.swift; sourceTree = "<group>"; };
		8D93341B24CAA5D700C11D75 /* ViewController.swift */ = {isa = PBXFileReference; lastKnownFileType = sourcecode.swift; path = ViewController.swift; sourceTree = "<group>"; };
		8D93341E24CAA5D700C11D75 /* Base */ = {isa = PBXFileReference; lastKnownFileType = file.storyboard; name = Base; path = Base.lproj/Main.storyboard; sourceTree = "<group>"; };
		8D93342024CAA5D900C11D75 /* Assets.xcassets */ = {isa = PBXFileReference; lastKnownFileType = folder.assetcatalog; path = Assets.xcassets; sourceTree = "<group>"; };
		8D93342324CAA5D900C11D75 /* Base */ = {isa = PBXFileReference; lastKnownFileType = file.storyboard; name = Base; path = Base.lproj/LaunchScreen.storyboard; sourceTree = "<group>"; };
		8D93342524CAA5D900C11D75 /* Info.plist */ = {isa = PBXFileReference; lastKnownFileType = text.plist.xml; path = Info.plist; sourceTree = "<group>"; };
		8D93342B24CAA69700C11D75 /* metalTest.metal */ = {isa = PBXFileReference; lastKnownFileType = sourcecode.metal; path = metalTest.metal; sourceTree = "<group>"; };
/* End PBXFileReference section */

/* Begin PBXFrameworksBuildPhase section */
		8D93341124CAA5D700C11D75 /* Frameworks */ = {
			isa = PBXFrameworksBuildPhase;
			buildActionMask = 2147483647;
			files = (
			);
			runOnlyForDeploymentPostprocessing = 0;
		};
/* End PBXFrameworksBuildPhase section */

/* Begin PBXGroup section */
		8D93340B24CAA5D700C11D75 = {
			isa = PBXGroup;
			children = (
				8D93341624CAA5D700C11D75 /* MetalTest4 */,
				8D93341524CAA5D700C11D75 /* Products */,
			);
			sourceTree = "<group>";
		};
		8D93341524CAA5D700C11D75 /* Products */ = {
			isa = PBXGroup;
			children = (
				8D93341424CAA5D700C11D75 /* MetalTest4.app */,
			);
			name = Products;
			sourceTree = "<group>";
		};
		8D93341624CAA5D700C11D75 /* MetalTest4 */ = {
			isa = PBXGroup;
			children = (
				8D93341724CAA5D700C11D75 /* AppDelegate.swift */,
				8D93341924CAA5D700C11D75 /* SceneDelegate.swift */,
				8D93341B24CAA5D700C11D75 /* ViewController.swift */,
				8D93342B24CAA69700C11D75 /* metalTest.metal */,
				8D93341D24CAA5D700C11D75 /* Main.storyboard */,
				8D93342024CAA5D900C11D75 /* Assets.xcassets */,
				8D93342224CAA5D900C11D75 /* LaunchScreen.storyboard */,
				8D93342524CAA5D900C11D75 /* Info.plist */,
			);
			path = MetalTest4;
			sourceTree = "<group>";
		};
/* End PBXGroup section */

/* Begin PBXNativeTarget section */
		8D93341324CAA5D700C11D75 /* MetalTest4 */ = {
			isa = PBXNativeTarget;
			buildConfigurationList = 8D93342824CAA5D900C11D75 /* Build configuration list for PBXNativeTarget "MetalTest4" */;
			buildPhases = (
				8D93341024CAA5D700C11D75 /* Sources */,
				8D93341124CAA5D700C11D75 /* Frameworks */,
				8D93341224CAA5D700C11D75 /* Resources */,
			);
			buildRules = (
			);
			dependencies = (
			);
			name = MetalTest4;
			productName = MetalTest4;
			productReference = 8D93341424CAA5D700C11D75 /* MetalTest4.app */;
			productType = "com.apple.product-type.application";
		};
/* End PBXNativeTarget section */

/* Begin PBXProject section */
		8D93340C24CAA5D700C11D75 /* Project object */ = {
			isa = PBXProject;
			attributes = {
				LastSwiftUpdateCheck = 1150;
				LastUpgradeCheck = 1150;
				ORGANIZATIONNAME = "福山帆士";
				TargetAttributes = {
					8D93341324CAA5D700C11D75 = {
						CreatedOnToolsVersion = 11.5;
					};
				};
			};
			buildConfigurationList = 8D93340F24CAA5D700C11D75 /* Build configuration list for PBXProject "MetalTest4" */;
			compatibilityVersion = "Xcode 9.3";
			developmentRegion = en;
			hasScannedForEncodings = 0;
			knownRegions = (
				en,
				Base,
			);
			mainGroup = 8D93340B24CAA5D700C11D75;
			productRefGroup = 8D93341524CAA5D700C11D75 /* Products */;
			projectDirPath = "";
			projectRoot = "";
			targets = (
				8D93341324CAA5D700C11D75 /* MetalTest4 */,
			);
		};
/* End PBXProject section */

/* Begin PBXResourcesBuildPhase section */
		8D93341224CAA5D700C11D75 /* Resources */ = {
			isa = PBXResourcesBuildPhase;
			buildActionMask = 2147483647;
			files = (
				8D93342424CAA5D900C11D75 /* LaunchScreen.storyboard in Resources */,
				8D93342124CAA5D900C11D75 /* Assets.xcassets in Resources */,
				8D93341F24CAA5D700C11D75 /* Main.storyboard in Resources */,
			);
			runOnlyForDeploymentPostprocessing = 0;
		};
/* End PBXResourcesBuildPhase section */

/* Begin PBXSourcesBuildPhase section */
		8D93341024CAA5D700C11D75 /* Sources */ = {
			isa = PBXSourcesBuildPhase;
			buildActionMask = 2147483647;
			files = (
				8D93341C24CAA5D700C11D75 /* ViewController.swift in Sources */,
				8D93341824CAA5D700C11D75 /* AppDelegate.swift in Sources */,
				8D93341A24CAA5D700C11D75 /* SceneDelegate.swift in Sources */,
				8D93342C24CAA69700C11D75 /* metalTest.metal in Sources */,
			);
			runOnlyForDeploymentPostprocessing = 0;
		};
/* End PBXSourcesBuildPhase section */

/* Begin PBXVariantGroup section */
		8D93341D24CAA5D700C11D75 /* Main.storyboard */ = {
			isa = PBXVariantGroup;
			children = (
				8D93341E24CAA5D700C11D75 /* Base */,
			);
			name = Main.storyboard;
			sourceTree = "<group>";
		};
		8D93342224CAA5D900C11D75 /* LaunchScreen.storyboard */ = {
			isa = PBXVariantGroup;
			children = (
				8D93342324CAA5D900C11D75 /* Base */,
			);
			name = LaunchScreen.storyboard;
			sourceTree = "<group>";
		};
/* End PBXVariantGroup section */

/* Begin XCBuildConfiguration section */
		8D93342624CAA5D900C11D75 /* Debug */ = {
			isa = XCBuildConfiguration;
			buildSettings = {
				ALWAYS_SEARCH_USER_PATHS = NO;
				CLANG_ANALYZER_NONNULL = YES;
				CLANG_ANALYZER_NUMBER_OBJECT_CONVERSION = YES_AGGRESSIVE;
				CLANG_CXX_LANGUAGE_STANDARD = "gnu++14";
				CLANG_CXX_LIBRARY = "libc++";
				CLANG_ENABLE_MODULES = YES;
				CLANG_ENABLE_OBJC_ARC = YES;
				CLANG_ENABLE_OBJC_WEAK = YES;
				CLANG_WARN_BLOCK_CAPTURE_AUTORELEASING = YES;
				CLANG_WARN_BOOL_CONVERSION = YES;
				CLANG_WARN_COMMA = YES;
				CLANG_WARN_CONSTANT_CONVERSION = YES;
				CLANG_WARN_DEPRECATED_OBJC_IMPLEMENTATIONS = YES;
				CLANG_WARN_DIRECT_OBJC_ISA_USAGE = YES_ERROR;
				CLANG_WARN_DOCUMENTATION_COMMENTS = YES;
				CLANG_WARN_EMPTY_BODY = YES;
				CLANG_WARN_ENUM_CONVERSION = YES;
				CLANG_WARN_INFINITE_RECURSION = YES;
				CLANG_WARN_INT_CONVERSION = YES;
				CLANG_WARN_NON_LITERAL_NULL_CONVERSION = YES;
				CLANG_WARN_OBJC_IMPLICIT_RETAIN_SELF = YES;
				CLANG_WARN_OBJC_LITERAL_CONVERSION = YES;
				CLANG_WARN_OBJC_ROOT_CLASS = YES_ERROR;
				CLANG_WARN_RANGE_LOOP_ANALYSIS = YES;
				CLANG_WARN_STRICT_PROTOTYPES = YES;
				CLANG_WARN_SUSPICIOUS_MOVE = YES;
				CLANG_WARN_UNGUARDED_AVAILABILITY = YES_AGGRESSIVE;
				CLANG_WARN_UNREACHABLE_CODE = YES;
				CLANG_WARN__DUPLICATE_METHOD_MATCH = YES;
				COPY_PHASE_STRIP = NO;
				DEBUG_INFORMATION_FORMAT = dwarf;
				ENABLE_STRICT_OBJC_MSGSEND = YES;
				ENABLE_TESTABILITY = YES;
				GCC_C_LANGUAGE_STANDARD = gnu11;
				GCC_DYNAMIC_NO_PIC = NO;
				GCC_NO_COMMON_BLOCKS = YES;
				GCC_OPTIMIZATION_LEVEL = 0;
				GCC_PREPROCESSOR_DEFINITIONS = (
					"DEBUG=1",
					"$(inherited)",
				);
				GCC_WARN_64_TO_32_BIT_CONVERSION = YES;
				GCC_WARN_ABOUT_RETURN_TYPE = YES_ERROR;
				GCC_WARN_UNDECLARED_SELECTOR = YES;
				GCC_WARN_UNINITIALIZED_AUTOS = YES_AGGRESSIVE;
				GCC_WARN_UNUSED_FUNCTION = YES;
				GCC_WARN_UNUSED_VARIABLE = YES;
				IPHONEOS_DEPLOYMENT_TARGET = 13.5;
				MTL_ENABLE_DEBUG_INFO = INCLUDE_SOURCE;
				MTL_FAST_MATH = YES;
				ONLY_ACTIVE_ARCH = YES;
				SDKROOT = iphoneos;
				SWIFT_ACTIVE_COMPILATION_CONDITIONS = DEBUG;
				SWIFT_OPTIMIZATION_LEVEL = "-Onone";
			};
			name = Debug;
		};
		8D93342724CAA5D900C11D75 /* Release */ = {
			isa = XCBuildConfiguration;
			buildSettings = {
				ALWAYS_SEARCH_USER_PATHS = NO;
				CLANG_ANALYZER_NONNULL = YES;
				CLANG_ANALYZER_NUMBER_OBJECT_CONVERSION = YES_AGGRESSIVE;
				CLANG_CXX_LANGUAGE_STANDARD = "gnu++14";
				CLANG_CXX_LIBRARY = "libc++";
				CLANG_ENABLE_MODULES = YES;
				CLANG_ENABLE_OBJC_ARC = YES;
				CLANG_ENABLE_OBJC_WEAK = YES;
				CLANG_WARN_BLOCK_CAPTURE_AUTORELEASING = YES;
				CLANG_WARN_BOOL_CONVERSION = YES;
				CLANG_WARN_COMMA = YES;
				CLANG_WARN_CONSTANT_CONVERSION = YES;
				CLANG_WARN_DEPRECATED_OBJC_IMPLEMENTATIONS = YES;
				CLANG_WARN_DIRECT_OBJC_ISA_USAGE = YES_ERROR;
				CLANG_WARN_DOCUMENTATION_COMMENTS = YES;
				CLANG_WARN_EMPTY_BODY = YES;
				CLANG_WARN_ENUM_CONVERSION = YES;
				CLANG_WARN_INFINITE_RECURSION = YES;
				CLANG_WARN_INT_CONVERSION = YES;
				CLANG_WARN_NON_LITERAL_NULL_CONVERSION = YES;
				CLANG_WARN_OBJC_IMPLICIT_RETAIN_SELF = YES;
				CLANG_WARN_OBJC_LITERAL_CONVERSION = YES;
				CLANG_WARN_OBJC_ROOT_CLASS = YES_ERROR;
				CLANG_WARN_RANGE_LOOP_ANALYSIS = YES;
				CLANG_WARN_STRICT_PROTOTYPES = YES;
				CLANG_WARN_SUSPICIOUS_MOVE = YES;
				CLANG_WARN_UNGUARDED_AVAILABILITY = YES_AGGRESSIVE;
				CLANG_WARN_UNREACHABLE_CODE = YES;
				CLANG_WARN__DUPLICATE_METHOD_MATCH = YES;
				COPY_PHASE_STRIP = NO;
				DEBUG_INFORMATION_FORMAT = "dwarf-with-dsym";
				ENABLE_NS_ASSERTIONS = NO;
				ENABLE_STRICT_OBJC_MSGSEND = YES;
				GCC_C_LANGUAGE_STANDARD = gnu11;
				GCC_NO_COMMON_BLOCKS = YES;
				GCC_WARN_64_TO_32_BIT_CONVERSION = YES;
				GCC_WARN_ABOUT_RETURN_TYPE = YES_ERROR;
				GCC_WARN_UNDECLARED_SELECTOR = YES;
				GCC_WARN_UNINITIALIZED_AUTOS = YES_AGGRESSIVE;
				GCC_WARN_UNUSED_FUNCTION = YES;
				GCC_WARN_UNUSED_VARIABLE = YES;
				IPHONEOS_DEPLOYMENT_TARGET = 13.5;
				MTL_ENABLE_DEBUG_INFO = NO;
				MTL_FAST_MATH = YES;
				SDKROOT = iphoneos;
				SWIFT_COMPILATION_MODE = wholemodule;
				SWIFT_OPTIMIZATION_LEVEL = "-O";
				VALIDATE_PRODUCT = YES;
			};
			name = Release;
		};
		8D93342924CAA5D900C11D75 /* Debug */ = {
			isa = XCBuildConfiguration;
			buildSettings = {
				ASSETCATALOG_COMPILER_APPICON_NAME = AppIcon;
				CODE_SIGN_STYLE = Automatic;
				DEVELOPMENT_TEAM = 892RDRHR25;
				INFOPLIST_FILE = MetalTest4/Info.plist;
				LD_RUNPATH_SEARCH_PATHS = (
					"$(inherited)",
					"@executable_path/Frameworks",
				);
				PRODUCT_BUNDLE_IDENTIFIER = hoshi.fukuyama.MetalTest4;
				PRODUCT_NAME = "$(TARGET_NAME)";
				SWIFT_VERSION = 5.0;
				TARGETED_DEVICE_FAMILY = "1,2";
			};
			name = Debug;
		};
		8D93342A24CAA5D900C11D75 /* Release */ = {
			isa = XCBuildConfiguration;
			buildSettings = {
				ASSETCATALOG_COMPILER_APPICON_NAME = AppIcon;
				CODE_SIGN_STYLE = Automatic;
				DEVELOPMENT_TEAM = 892RDRHR25;
				INFOPLIST_FILE = MetalTest4/Info.plist;
				LD_RUNPATH_SEARCH_PATHS = (
					"$(inherited)",
					"@executable_path/Frameworks",
				);
				PRODUCT_BUNDLE_IDENTIFIER = hoshi.fukuyama.MetalTest4;
				PRODUCT_NAME = "$(TARGET_NAME)";
				SWIFT_VERSION = 5.0;
				TARGETED_DEVICE_FAMILY = "1,2";
			};
			name = Release;
		};
/* End XCBuildConfiguration section */

/* Begin XCConfigurationList section */
		8D93340F24CAA5D700C11D75 /* Build configuration list for PBXProject "MetalTest4" */ = {
			isa = XCConfigurationList;
			buildConfigurations = (
				8D93342624CAA5D900C11D75 /* Debug */,
				8D93342724CAA5D900C11D75 /* Release */,
			);
			defaultConfigurationIsVisible = 0;
			defaultConfigurationName = Release;
		};
		8D93342824CAA5D900C11D75 /* Build configuration list for PBXNativeTarget "MetalTest4" */ = {
			isa = XCConfigurationList;
			buildConfigurations = (
				8D93342924CAA5D900C11D75 /* Debug */,
				8D93342A24CAA5D900C11D75 /* Release */,
			);
			defaultConfigurationIsVisible = 0;
			defaultConfigurationName = Release;
		};
/* End XCConfigurationList section */
	};
	rootObject = 8D93340C24CAA5D700C11D75 /* Project object */;
}
